// !$*UTF8*$!
{
	archiveVersion = 1;
	classes = {
	};
	objectVersion = 56;
	objects = {

/* Begin PBXBuildFile section */
		60C1158C29FAD1FF00D681E4 /* AppDelegate.swift in Sources */ = {isa = PBXBuildFile; fileRef = 60C1158B29FAD1FF00D681E4 /* AppDelegate.swift */; };
		60C1158E29FAD1FF00D681E4 /* SceneDelegate.swift in Sources */ = {isa = PBXBuildFile; fileRef = 60C1158D29FAD1FF00D681E4 /* SceneDelegate.swift */; };
		60C1159029FAD1FF00D681E4 /* HomeVC.swift in Sources */ = {isa = PBXBuildFile; fileRef = 60C1158F29FAD1FF00D681E4 /* HomeVC.swift */; };
		60C1159329FAD1FF00D681E4 /* Main.storyboard in Resources */ = {isa = PBXBuildFile; fileRef = 60C1159129FAD1FF00D681E4 /* Main.storyboard */; };
		60C1159629FAD1FF00D681E4 /* CountryPedia.xcdatamodeld in Sources */ = {isa = PBXBuildFile; fileRef = 60C1159429FAD1FF00D681E4 /* CountryPedia.xcdatamodeld */; };
		60C1159829FAD20100D681E4 /* Assets.xcassets in Resources */ = {isa = PBXBuildFile; fileRef = 60C1159729FAD20100D681E4 /* Assets.xcassets */; };
		60C1159B29FAD20100D681E4 /* LaunchScreen.storyboard in Resources */ = {isa = PBXBuildFile; fileRef = 60C1159929FAD20100D681E4 /* LaunchScreen.storyboard */; };
		60C115A829FAD2AD00D681E4 /* HomeVM.swift in Sources */ = {isa = PBXBuildFile; fileRef = 60C115A729FAD2AD00D681E4 /* HomeVM.swift */; };
		60C115AB29FAD70F00D681E4 /* TableCell.swift in Sources */ = {isa = PBXBuildFile; fileRef = 60C115AA29FAD70F00D681E4 /* TableCell.swift */; };
		C7A49146080B08F78F7AFDE6 /* Pods_CountryPedia.framework in Frameworks */ = {isa = PBXBuildFile; fileRef = 6983BE3C7D5E02C6697F83CC /* Pods_CountryPedia.framework */; };
/* End PBXBuildFile section */

/* Begin PBXFileReference section */
		0F68E7DA177877FCBA08ED6A /* Pods-CountryPedia.debug.xcconfig */ = {isa = PBXFileReference; includeInIndex = 1; lastKnownFileType = text.xcconfig; name = "Pods-CountryPedia.debug.xcconfig"; path = "Target Support Files/Pods-CountryPedia/Pods-CountryPedia.debug.xcconfig"; sourceTree = "<group>"; };
		2475666A5B631E378F165570 /* Pods-CountryPedia.release.xcconfig */ = {isa = PBXFileReference; includeInIndex = 1; lastKnownFileType = text.xcconfig; name = "Pods-CountryPedia.release.xcconfig"; path = "Target Support Files/Pods-CountryPedia/Pods-CountryPedia.release.xcconfig"; sourceTree = "<group>"; };
		60C1158829FAD1FF00D681E4 /* CountryPedia.app */ = {isa = PBXFileReference; explicitFileType = wrapper.application; includeInIndex = 0; path = CountryPedia.app; sourceTree = BUILT_PRODUCTS_DIR; };
		60C1158B29FAD1FF00D681E4 /* AppDelegate.swift */ = {isa = PBXFileReference; lastKnownFileType = sourcecode.swift; path = AppDelegate.swift; sourceTree = "<group>"; };
		60C1158D29FAD1FF00D681E4 /* SceneDelegate.swift */ = {isa = PBXFileReference; lastKnownFileType = sourcecode.swift; path = SceneDelegate.swift; sourceTree = "<group>"; };
		60C1158F29FAD1FF00D681E4 /* HomeVC.swift */ = {isa = PBXFileReference; lastKnownFileType = sourcecode.swift; path = HomeVC.swift; sourceTree = "<group>"; };
		60C1159229FAD1FF00D681E4 /* Base */ = {isa = PBXFileReference; lastKnownFileType = file.storyboard; name = Base; path = Base.lproj/Main.storyboard; sourceTree = "<group>"; };
		60C1159529FAD1FF00D681E4 /* CountryPedia.xcdatamodel */ = {isa = PBXFileReference; lastKnownFileType = wrapper.xcdatamodel; path = CountryPedia.xcdatamodel; sourceTree = "<group>"; };
		60C1159729FAD20100D681E4 /* Assets.xcassets */ = {isa = PBXFileReference; lastKnownFileType = folder.assetcatalog; path = Assets.xcassets; sourceTree = "<group>"; };
		60C1159A29FAD20100D681E4 /* Base */ = {isa = PBXFileReference; lastKnownFileType = file.storyboard; name = Base; path = Base.lproj/LaunchScreen.storyboard; sourceTree = "<group>"; };
		60C1159C29FAD20100D681E4 /* Info.plist */ = {isa = PBXFileReference; lastKnownFileType = text.plist.xml; path = Info.plist; sourceTree = "<group>"; };
		60C115A729FAD2AD00D681E4 /* HomeVM.swift */ = {isa = PBXFileReference; lastKnownFileType = sourcecode.swift; path = HomeVM.swift; sourceTree = "<group>"; };
		60C115AA29FAD70F00D681E4 /* TableCell.swift */ = {isa = PBXFileReference; lastKnownFileType = sourcecode.swift; name = TableCell.swift; path = CountryPedia/View/Home/TableCell.swift; sourceTree = SOURCE_ROOT; };
		6983BE3C7D5E02C6697F83CC /* Pods_CountryPedia.framework */ = {isa = PBXFileReference; explicitFileType = wrapper.framework; includeInIndex = 0; path = Pods_CountryPedia.framework; sourceTree = BUILT_PRODUCTS_DIR; };
/* End PBXFileReference section */

/* Begin PBXFrameworksBuildPhase section */
		60C1158529FAD1FF00D681E4 /* Frameworks */ = {
			isa = PBXFrameworksBuildPhase;
			buildActionMask = 2147483647;
			files = (
				C7A49146080B08F78F7AFDE6 /* Pods_CountryPedia.framework in Frameworks */,
			);
			runOnlyForDeploymentPostprocessing = 0;
		};
/* End PBXFrameworksBuildPhase section */

/* Begin PBXGroup section */
		60C1157F29FAD1FF00D681E4 = {
			isa = PBXGroup;
			children = (
				60C1158A29FAD1FF00D681E4 /* CountryPedia */,
				60C1158929FAD1FF00D681E4 /* Products */,
				62775938C0042F089CF657A2 /* Pods */,
				71DB8E0E18B1C0784CF5B528 /* Frameworks */,
			);
			sourceTree = "<group>";
		};
		60C1158929FAD1FF00D681E4 /* Products */ = {
			isa = PBXGroup;
			children = (
				60C1158829FAD1FF00D681E4 /* CountryPedia.app */,
			);
			name = Products;
			sourceTree = "<group>";
		};
		60C1158A29FAD1FF00D681E4 /* CountryPedia */ = {
			isa = PBXGroup;
			children = (
				60C115A529FAD24800D681E4 /* Utils */,
				60C115A429FAD24600D681E4 /* Model */,
				60C115A229FAD23E00D681E4 /* Network */,
				60C115A329FAD24400D681E4 /* View */,
				60C1159729FAD20100D681E4 /* Assets.xcassets */,
				60C1159C29FAD20100D681E4 /* Info.plist */,
				60C1159429FAD1FF00D681E4 /* CountryPedia.xcdatamodeld */,
			);
			path = CountryPedia;
			sourceTree = "<group>";
		};
		60C115A229FAD23E00D681E4 /* Network */ = {
			isa = PBXGroup;
			children = (
			);
			path = Network;
			sourceTree = "<group>";
		};
		60C115A329FAD24400D681E4 /* View */ = {
			isa = PBXGroup;
			children = (
				60C115A629FAD27100D681E4 /* Home */,
			);
			path = View;
			sourceTree = "<group>";
		};
		60C115A429FAD24600D681E4 /* Model */ = {
			isa = PBXGroup;
			children = (
			);
			path = Model;
			sourceTree = "<group>";
		};
		60C115A529FAD24800D681E4 /* Utils */ = {
			isa = PBXGroup;
			children = (
				60C1158B29FAD1FF00D681E4 /* AppDelegate.swift */,
				60C1158D29FAD1FF00D681E4 /* SceneDelegate.swift */,
				60C1159129FAD1FF00D681E4 /* Main.storyboard */,
				60C1159929FAD20100D681E4 /* LaunchScreen.storyboard */,
			);
			path = Utils;
			sourceTree = "<group>";
		};
		60C115A629FAD27100D681E4 /* Home */ = {
			isa = PBXGroup;
			children = (
				60C115A929FAD70900D681E4 /* Table Cell */,
				60C1158F29FAD1FF00D681E4 /* HomeVC.swift */,
				60C115A729FAD2AD00D681E4 /* HomeVM.swift */,
			);
			path = Home;
			sourceTree = "<group>";
		};
		60C115A929FAD70900D681E4 /* Table Cell */ = {
			isa = PBXGroup;
			children = (
				60C115AA29FAD70F00D681E4 /* TableCell.swift */,
			);
			path = "Table Cell";
			sourceTree = "<group>";
		};
		62775938C0042F089CF657A2 /* Pods */ = {
			isa = PBXGroup;
			children = (
				0F68E7DA177877FCBA08ED6A /* Pods-CountryPedia.debug.xcconfig */,
				2475666A5B631E378F165570 /* Pods-CountryPedia.release.xcconfig */,
			);
			path = Pods;
			sourceTree = "<group>";
		};
		71DB8E0E18B1C0784CF5B528 /* Frameworks */ = {
			isa = PBXGroup;
			children = (
				6983BE3C7D5E02C6697F83CC /* Pods_CountryPedia.framework */,
			);
			name = Frameworks;
			sourceTree = "<group>";
		};
/* End PBXGroup section */

/* Begin PBXNativeTarget section */
		60C1158729FAD1FF00D681E4 /* CountryPedia */ = {
			isa = PBXNativeTarget;
			buildConfigurationList = 60C1159F29FAD20100D681E4 /* Build configuration list for PBXNativeTarget "CountryPedia" */;
			buildPhases = (
				45CAB9139286F26007600ED4 /* [CP] Check Pods Manifest.lock */,
				60C1158429FAD1FF00D681E4 /* Sources */,
				60C1158529FAD1FF00D681E4 /* Frameworks */,
				60C1158629FAD1FF00D681E4 /* Resources */,
				DE2C94E05CDC541309E00818 /* [CP] Embed Pods Frameworks */,
			);
			buildRules = (
			);
			dependencies = (
			);
			name = CountryPedia;
			productName = CountryPedia;
			productReference = 60C1158829FAD1FF00D681E4 /* CountryPedia.app */;
			productType = "com.apple.product-type.application";
		};
/* End PBXNativeTarget section */

/* Begin PBXProject section */
		60C1158029FAD1FF00D681E4 /* Project object */ = {
			isa = PBXProject;
			attributes = {
				BuildIndependentTargetsInParallel = 1;
				LastSwiftUpdateCheck = 1400;
				LastUpgradeCheck = 1400;
				TargetAttributes = {
					60C1158729FAD1FF00D681E4 = {
						CreatedOnToolsVersion = 14.0;
					};
				};
			};
			buildConfigurationList = 60C1158329FAD1FF00D681E4 /* Build configuration list for PBXProject "CountryPedia" */;
			compatibilityVersion = "Xcode 14.0";
			developmentRegion = en;
			hasScannedForEncodings = 0;
			knownRegions = (
				en,
				Base,
			);
			mainGroup = 60C1157F29FAD1FF00D681E4;
			productRefGroup = 60C1158929FAD1FF00D681E4 /* Products */;
			projectDirPath = "";
			projectRoot = "";
			targets = (
				60C1158729FAD1FF00D681E4 /* CountryPedia */,
			);
		};
/* End PBXProject section */

/* Begin PBXResourcesBuildPhase section */
		60C1158629FAD1FF00D681E4 /* Resources */ = {
			isa = PBXResourcesBuildPhase;
			buildActionMask = 2147483647;
			files = (
				60C1159B29FAD20100D681E4 /* LaunchScreen.storyboard in Resources */,
				60C1159829FAD20100D681E4 /* Assets.xcassets in Resources */,
				60C1159329FAD1FF00D681E4 /* Main.storyboard in Resources */,
			);
			runOnlyForDeploymentPostprocessing = 0;
		};
/* End PBXResourcesBuildPhase section */

/* Begin PBXShellScriptBuildPhase section */
		45CAB9139286F26007600ED4 /* [CP] Check Pods Manifest.lock */ = {
			isa = PBXShellScriptBuildPhase;
			buildActionMask = 2147483647;
			files = (
			);
			inputFileListPaths = (
			);
			inputPaths = (
				"${PODS_PODFILE_DIR_PATH}/Podfile.lock",
				"${PODS_ROOT}/Manifest.lock",
			);
			name = "[CP] Check Pods Manifest.lock";
			outputFileListPaths = (
			);
			outputPaths = (
				"$(DERIVED_FILE_DIR)/Pods-CountryPedia-checkManifestLockResult.txt",
			);
			runOnlyForDeploymentPostprocessing = 0;
			shellPath = /bin/sh;
			shellScript = "diff \"${PODS_PODFILE_DIR_PATH}/Podfile.lock\" \"${PODS_ROOT}/Manifest.lock\" > /dev/null\nif [ $? != 0 ] ; then\n    # print error to STDERR\n    echo \"error: The sandbox is not in sync with the Podfile.lock. Run 'pod install' or update your CocoaPods installation.\" >&2\n    exit 1\nfi\n# This output is used by Xcode 'outputs' to avoid re-running this script phase.\necho \"SUCCESS\" > \"${SCRIPT_OUTPUT_FILE_0}\"\n";
			showEnvVarsInLog = 0;
		};
		DE2C94E05CDC541309E00818 /* [CP] Embed Pods Frameworks */ = {
			isa = PBXShellScriptBuildPhase;
			buildActionMask = 2147483647;
			files = (
			);
			inputFileListPaths = (
				"${PODS_ROOT}/Target Support Files/Pods-CountryPedia/Pods-CountryPedia-frameworks-${CONFIGURATION}-input-files.xcfilelist",
			);
			name = "[CP] Embed Pods Frameworks";
			outputFileListPaths = (
				"${PODS_ROOT}/Target Support Files/Pods-CountryPedia/Pods-CountryPedia-frameworks-${CONFIGURATION}-output-files.xcfilelist",
			);
			runOnlyForDeploymentPostprocessing = 0;
			shellPath = /bin/sh;
			shellScript = "\"${PODS_ROOT}/Target Support Files/Pods-CountryPedia/Pods-CountryPedia-frameworks.sh\"\n";
			showEnvVarsInLog = 0;
		};
/* End PBXShellScriptBuildPhase section */

/* Begin PBXSourcesBuildPhase section */
		60C1158429FAD1FF00D681E4 /* Sources */ = {
			isa = PBXSourcesBuildPhase;
			buildActionMask = 2147483647;
			files = (
				60C115AB29FAD70F00D681E4 /* TableCell.swift in Sources */,
				60C1159629FAD1FF00D681E4 /* CountryPedia.xcdatamodeld in Sources */,
				60C115A829FAD2AD00D681E4 /* HomeVM.swift in Sources */,
				60C1159029FAD1FF00D681E4 /* HomeVC.swift in Sources */,
				60C1158C29FAD1FF00D681E4 /* AppDelegate.swift in Sources */,
				60C1158E29FAD1FF00D681E4 /* SceneDelegate.swift in Sources */,
			);
			runOnlyForDeploymentPostprocessing = 0;
		};
/* End PBXSourcesBuildPhase section */

/* Begin PBXVariantGroup section */
		60C1159129FAD1FF00D681E4 /* Main.storyboard */ = {
			isa = PBXVariantGroup;
			children = (
				60C1159229FAD1FF00D681E4 /* Base */,
			);
			name = Main.storyboard;
			sourceTree = "<group>";
		};
		60C1159929FAD20100D681E4 /* LaunchScreen.storyboard */ = {
			isa = PBXVariantGroup;
			children = (
				60C1159A29FAD20100D681E4 /* Base */,
			);
			name = LaunchScreen.storyboard;
			sourceTree = "<group>";
		};
/* End PBXVariantGroup section */

/* Begin XCBuildConfiguration section */
		60C1159D29FAD20100D681E4 /* Debug */ = {
			isa = XCBuildConfiguration;
			buildSettings = {
				ALWAYS_SEARCH_USER_PATHS = NO;
				CLANG_ANALYZER_NONNULL = YES;
				CLANG_ANALYZER_NUMBER_OBJECT_CONVERSION = YES_AGGRESSIVE;
				CLANG_CXX_LANGUAGE_STANDARD = "gnu++20";
				CLANG_ENABLE_MODULES = YES;
				CLANG_ENABLE_OBJC_ARC = YES;
				CLANG_ENABLE_OBJC_WEAK = YES;
				CLANG_WARN_BLOCK_CAPTURE_AUTORELEASING = YES;
				CLANG_WARN_BOOL_CONVERSION = YES;
				CLANG_WARN_COMMA = YES;
				CLANG_WARN_CONSTANT_CONVERSION = YES;
				CLANG_WARN_DEPRECATED_OBJC_IMPLEMENTATIONS = YES;
				CLANG_WARN_DIRECT_OBJC_ISA_USAGE = YES_ERROR;
				CLANG_WARN_DOCUMENTATION_COMMENTS = YES;
				CLANG_WARN_EMPTY_BODY = YES;
				CLANG_WARN_ENUM_CONVERSION = YES;
				CLANG_WARN_INFINITE_RECURSION = YES;
				CLANG_WARN_INT_CONVERSION = YES;
				CLANG_WARN_NON_LITERAL_NULL_CONVERSION = YES;
				CLANG_WARN_OBJC_IMPLICIT_RETAIN_SELF = YES;
				CLANG_WARN_OBJC_LITERAL_CONVERSION = YES;
				CLANG_WARN_OBJC_ROOT_CLASS = YES_ERROR;
				CLANG_WARN_QUOTED_INCLUDE_IN_FRAMEWORK_HEADER = YES;
				CLANG_WARN_RANGE_LOOP_ANALYSIS = YES;
				CLANG_WARN_STRICT_PROTOTYPES = YES;
				CLANG_WARN_SUSPICIOUS_MOVE = YES;
				CLANG_WARN_UNGUARDED_AVAILABILITY = YES_AGGRESSIVE;
				CLANG_WARN_UNREACHABLE_CODE = YES;
				CLANG_WARN__DUPLICATE_METHOD_MATCH = YES;
				COPY_PHASE_STRIP = NO;
				DEBUG_INFORMATION_FORMAT = dwarf;
				ENABLE_STRICT_OBJC_MSGSEND = YES;
				ENABLE_TESTABILITY = YES;
				GCC_C_LANGUAGE_STANDARD = gnu11;
				GCC_DYNAMIC_NO_PIC = NO;
				GCC_NO_COMMON_BLOCKS = YES;
				GCC_OPTIMIZATION_LEVEL = 0;
				GCC_PREPROCESSOR_DEFINITIONS = (
					"DEBUG=1",
					"$(inherited)",
				);
				GCC_WARN_64_TO_32_BIT_CONVERSION = YES;
				GCC_WARN_ABOUT_RETURN_TYPE = YES_ERROR;
				GCC_WARN_UNDECLARED_SELECTOR = YES;
				GCC_WARN_UNINITIALIZED_AUTOS = YES_AGGRESSIVE;
				GCC_WARN_UNUSED_FUNCTION = YES;
				GCC_WARN_UNUSED_VARIABLE = YES;
				IPHONEOS_DEPLOYMENT_TARGET = 16.0;
				MTL_ENABLE_DEBUG_INFO = INCLUDE_SOURCE;
				MTL_FAST_MATH = YES;
				ONLY_ACTIVE_ARCH = YES;
				SDKROOT = iphoneos;
				SWIFT_ACTIVE_COMPILATION_CONDITIONS = DEBUG;
				SWIFT_OPTIMIZATION_LEVEL = "-Onone";
			};
			name = Debug;
		};
		60C1159E29FAD20100D681E4 /* Release */ = {
			isa = XCBuildConfiguration;
			buildSettings = {
				ALWAYS_SEARCH_USER_PATHS = NO;
				CLANG_ANALYZER_NONNULL = YES;
				CLANG_ANALYZER_NUMBER_OBJECT_CONVERSION = YES_AGGRESSIVE;
				CLANG_CXX_LANGUAGE_STANDARD = "gnu++20";
				CLANG_ENABLE_MODULES = YES;
				CLANG_ENABLE_OBJC_ARC = YES;
				CLANG_ENABLE_OBJC_WEAK = YES;
				CLANG_WARN_BLOCK_CAPTURE_AUTORELEASING = YES;
				CLANG_WARN_BOOL_CONVERSION = YES;
				CLANG_WARN_COMMA = YES;
				CLANG_WARN_CONSTANT_CONVERSION = YES;
				CLANG_WARN_DEPRECATED_OBJC_IMPLEMENTATIONS = YES;
				CLANG_WARN_DIRECT_OBJC_ISA_USAGE = YES_ERROR;
				CLANG_WARN_DOCUMENTATION_COMMENTS = YES;
				CLANG_WARN_EMPTY_BODY = YES;
				CLANG_WARN_ENUM_CONVERSION = YES;
				CLANG_WARN_INFINITE_RECURSION = YES;
				CLANG_WARN_INT_CONVERSION = YES;
				CLANG_WARN_NON_LITERAL_NULL_CONVERSION = YES;
				CLANG_WARN_OBJC_IMPLICIT_RETAIN_SELF = YES;
				CLANG_WARN_OBJC_LITERAL_CONVERSION = YES;
				CLANG_WARN_OBJC_ROOT_CLASS = YES_ERROR;
				CLANG_WARN_QUOTED_INCLUDE_IN_FRAMEWORK_HEADER = YES;
				CLANG_WARN_RANGE_LOOP_ANALYSIS = YES;
				CLANG_WARN_STRICT_PROTOTYPES = YES;
				CLANG_WARN_SUSPICIOUS_MOVE = YES;
				CLANG_WARN_UNGUARDED_AVAILABILITY = YES_AGGRESSIVE;
				CLANG_WARN_UNREACHABLE_CODE = YES;
				CLANG_WARN__DUPLICATE_METHOD_MATCH = YES;
				COPY_PHASE_STRIP = NO;
				DEBUG_INFORMATION_FORMAT = "dwarf-with-dsym";
				ENABLE_NS_ASSERTIONS = NO;
				ENABLE_STRICT_OBJC_MSGSEND = YES;
				GCC_C_LANGUAGE_STANDARD = gnu11;
				GCC_NO_COMMON_BLOCKS = YES;
				GCC_WARN_64_TO_32_BIT_CONVERSION = YES;
				GCC_WARN_ABOUT_RETURN_TYPE = YES_ERROR;
				GCC_WARN_UNDECLARED_SELECTOR = YES;
				GCC_WARN_UNINITIALIZED_AUTOS = YES_AGGRESSIVE;
				GCC_WARN_UNUSED_FUNCTION = YES;
				GCC_WARN_UNUSED_VARIABLE = YES;
				IPHONEOS_DEPLOYMENT_TARGET = 16.0;
				MTL_ENABLE_DEBUG_INFO = NO;
				MTL_FAST_MATH = YES;
				SDKROOT = iphoneos;
				SWIFT_COMPILATION_MODE = wholemodule;
				SWIFT_OPTIMIZATION_LEVEL = "-O";
				VALIDATE_PRODUCT = YES;
			};
			name = Release;
		};
		60C115A029FAD20100D681E4 /* Debug */ = {
			isa = XCBuildConfiguration;
			baseConfigurationReference = 0F68E7DA177877FCBA08ED6A /* Pods-CountryPedia.debug.xcconfig */;
			buildSettings = {
				ASSETCATALOG_COMPILER_APPICON_NAME = AppIcon;
				ASSETCATALOG_COMPILER_GLOBAL_ACCENT_COLOR_NAME = AccentColor;
				CODE_SIGN_STYLE = Automatic;
				CURRENT_PROJECT_VERSION = 1;
				DEVELOPMENT_TEAM = K8M5FXDJPU;
				GENERATE_INFOPLIST_FILE = YES;
				INFOPLIST_FILE = CountryPedia/Info.plist;
				INFOPLIST_KEY_UIApplicationSupportsIndirectInputEvents = YES;
				INFOPLIST_KEY_UILaunchStoryboardName = LaunchScreen;
				INFOPLIST_KEY_UIMainStoryboardFile = Main;
				INFOPLIST_KEY_UISupportedInterfaceOrientations_iPad = "UIInterfaceOrientationPortrait UIInterfaceOrientationPortraitUpsideDown UIInterfaceOrientationLandscapeLeft UIInterfaceOrientationLandscapeRight";
				INFOPLIST_KEY_UISupportedInterfaceOrientations_iPhone = "UIInterfaceOrientationPortrait UIInterfaceOrientationLandscapeLeft UIInterfaceOrientationLandscapeRight";
				LD_RUNPATH_SEARCH_PATHS = (
					"$(inherited)",
					"@executable_path/Frameworks",
				);
				MARKETING_VERSION = 1.0;
				PRODUCT_BUNDLE_IDENTIFIER = com.shifu.CountryPedia;
				PRODUCT_NAME = "$(TARGET_NAME)";
				SWIFT_EMIT_LOC_STRINGS = YES;
				SWIFT_VERSION = 5.0;
				TARGETED_DEVICE_FAMILY = "1,2";
			};
			name = Debug;
		};
		60C115A129FAD20100D681E4 /* Release */ = {
			isa = XCBuildConfiguration;
			baseConfigurationReference = 2475666A5B631E378F165570 /* Pods-CountryPedia.release.xcconfig */;
			buildSettings = {
				ASSETCATALOG_COMPILER_APPICON_NAME = AppIcon;
				ASSETCATALOG_COMPILER_GLOBAL_ACCENT_COLOR_NAME = AccentColor;
				CODE_SIGN_STYLE = Automatic;
				CURRENT_PROJECT_VERSION = 1;
				DEVELOPMENT_TEAM = K8M5FXDJPU;
				GENERATE_INFOPLIST_FILE = YES;
				INFOPLIST_FILE = CountryPedia/Info.plist;
				INFOPLIST_KEY_UIApplicationSupportsIndirectInputEvents = YES;
				INFOPLIST_KEY_UILaunchStoryboardName = LaunchScreen;
				INFOPLIST_KEY_UIMainStoryboardFile = Main;
				INFOPLIST_KEY_UISupportedInterfaceOrientations_iPad = "UIInterfaceOrientationPortrait UIInterfaceOrientationPortraitUpsideDown UIInterfaceOrientationLandscapeLeft UIInterfaceOrientationLandscapeRight";
				INFOPLIST_KEY_UISupportedInterfaceOrientations_iPhone = "UIInterfaceOrientationPortrait UIInterfaceOrientationLandscapeLeft UIInterfaceOrientationLandscapeRight";
				LD_RUNPATH_SEARCH_PATHS = (
					"$(inherited)",
					"@executable_path/Frameworks",
				);
				MARKETING_VERSION = 1.0;
				PRODUCT_BUNDLE_IDENTIFIER = com.shifu.CountryPedia;
				PRODUCT_NAME = "$(TARGET_NAME)";
				SWIFT_EMIT_LOC_STRINGS = YES;
				SWIFT_VERSION = 5.0;
				TARGETED_DEVICE_FAMILY = "1,2";
			};
			name = Release;
		};
/* End XCBuildConfiguration section */

/* Begin XCConfigurationList section */
		60C1158329FAD1FF00D681E4 /* Build configuration list for PBXProject "CountryPedia" */ = {
			isa = XCConfigurationList;
			buildConfigurations = (
				60C1159D29FAD20100D681E4 /* Debug */,
				60C1159E29FAD20100D681E4 /* Release */,
			);
			defaultConfigurationIsVisible = 0;
			defaultConfigurationName = Release;
		};
		60C1159F29FAD20100D681E4 /* Build configuration list for PBXNativeTarget "CountryPedia" */ = {
			isa = XCConfigurationList;
			buildConfigurations = (
				60C115A029FAD20100D681E4 /* Debug */,
				60C115A129FAD20100D681E4 /* Release */,
			);
			defaultConfigurationIsVisible = 0;
			defaultConfigurationName = Release;
		};
/* End XCConfigurationList section */

/* Begin XCVersionGroup section */
		60C1159429FAD1FF00D681E4 /* CountryPedia.xcdatamodeld */ = {
			isa = XCVersionGroup;
			children = (
				60C1159529FAD1FF00D681E4 /* CountryPedia.xcdatamodel */,
			);
			currentVersion = 60C1159529FAD1FF00D681E4 /* CountryPedia.xcdatamodel */;
			path = CountryPedia.xcdatamodeld;
			sourceTree = "<group>";
			versionGroupType = wrapper.xcdatamodel;
		};
/* End XCVersionGroup section */
	};
	rootObject = 60C1158029FAD1FF00D681E4 /* Project object */;
}
