PODS:
  - Alamofire (5.6.2)
  - Kingfisher (7.3.2)
  - RxSwift (6.5.0)
  - SnapKit (5.6.0)

DEPENDENCIES:
  - Alamofire
  - Kingfisher
  - RxSwift
  - SnapKit

SPEC REPOS:
  trunk:
    - Alamofire
    - Kingfisher
    - RxSwift
    - SnapKit

SPEC CHECKSUMS:
  Alamofire: d368e1ff8a298e6dde360e35a3e68e6c610e7204
  Kingfisher: 0086ad83719761ba9b2cdaf6ef4d5b4878cbae23
  RxSwift: 5710a9e6b17f3c3d6e40d6e559b9fa1e813b2ef8
  SnapKit: e01d52ebb8ddbc333eefe2132acf85c8227d9c25

PODFILE CHECKSUM: 1e6c31c449e81adbb26a9c6d0d60fdf0a09252ae

COCOAPODS: 1.12.0
